
Microsoft Visual Studio Solution File, Format Version 12.00
# Visual Studio 15
VisualStudioVersion = 15.0.28307.168
MinimumVisualStudioVersion = 10.0.40219.1
Project("{FAE04EC0-301F-11D3-BF4B-00C04F79EFBC}") = "SysSonMarket", "SysSonMarket\SysSonMarket.csproj", "{08C85B64-3ACB-4AF8-AE73-F8DEE3069E35}"
EndProject
Global
	GlobalSection(SolutionConfigurationPlatforms) = preSolution
		Debug|Any CPU = Debug|Any CPU
		Release|Any CPU = Release|Any CPU
	EndGlobalSection
	GlobalSection(ProjectConfigurationPlatforms) = postSolution
		{08C85B64-3ACB-4AF8-AE73-F8DEE3069E35}.Debug|Any CPU.ActiveCfg = Debug|Any CPU
		{08C85B64-3ACB-4AF8-AE73-F8DEE3069E35}.Debug|Any CPU.Build.0 = Debug|Any CPU
		{08C85B64-3ACB-4AF8-AE73-F8DEE3069E35}.Release|Any CPU.ActiveCfg = Release|Any CPU
		{08C85B64-3ACB-4AF8-AE73-F8DEE3069E35}.Release|Any CPU.Build.0 = Release|Any CPU
	EndGlobalSection
	GlobalSection(SolutionProperties) = preSolution
		HideSolutionNode = FALSE
	EndGlobalSection
	GlobalSection(ExtensibilityGlobals) = postSolution
		SolutionGuid = {5F9D0DFE-019B-453D-A8D6-6051A6E58CCE}
	EndGlobalSection
EndGlobal
